dependencies:
- name: postgresql
  repository: https://openg2p.github.io/openg2p-helm
  version: 15.5.38
- name: postgres-init
  repository: https://openg2p.github.io/openg2p-helm
  version: 1.1.0
- name: mail
  repository: https://openg2p.github.io/openg2p-helm
  version: 1.2.1
- name: minio
  repository: https://openg2p.github.io/openg2p-helm
  version: 12.12.2
- name: opensearch
  repository: https://openg2p.github.io/openg2p-helm
  version: 1.2.0
- name: kafka
  repository: https://openg2p.github.io/openg2p-helm
  version: 29.3.14
- name: softhsm
  repository: https://mosip.github.io/mosip-helm
  version: 12.0.1
- name: redis
  repository: https://openg2p.github.io/openg2p-helm
  version: 19.6.4
- name: redis
  repository: https://openg2p.github.io/openg2p-helm
  version: 19.6.4
- name: keycloak
  repository: https://openg2p.github.io/openg2p-helm
  version: 21.4.5
- name: keycloak-init
  repository: https://openg2p.github.io/openg2p-helm
  version: 1.1.1
digest: sha256:a0da88c3a989d71f8426d14374ab8e934ff9666ada2d6df267e1e7a32002da3b
generated: "2026-05-08T20:07:16.032391+05:30"
